
Microsoft Visual Studio Solution File, Format Version 12.00
# Visual Studio Version 16
VisualStudioVersion = 16.0.29001.49
MinimumVisualStudioVersion = 10.0.40219.1
Project("{FAE04EC0-301F-11D3-BF4B-00C04F79EFBC}") = "IsracaraerAmit", "IsracaraerAmit\IsracaraerAmit.csproj", "{52061B84-45DD-4F69-B762-D22298CC3DA1}"
EndProject
Global
	GlobalSection(SolutionConfigurationPlatforms) = preSolution
		Debug|Any CPU = Debug|Any CPU
		Release|Any CPU = Release|Any CPU
	EndGlobalSection
	GlobalSection(ProjectConfigurationPlatforms) = postSolution
		{52061B84-45DD-4F69-B762-D22298CC3DA1}.Debug|Any CPU.ActiveCfg = Debug|Any CPU
		{52061B84-45DD-4F69-B762-D22298CC3DA1}.Debug|Any CPU.Build.0 = Debug|Any CPU
		{52061B84-45DD-4F69-B762-D22298CC3DA1}.Release|Any CPU.ActiveCfg = Release|Any CPU
		{52061B84-45DD-4F69-B762-D22298CC3DA1}.Release|Any CPU.Build.0 = Release|Any CPU
	EndGlobalSection
	GlobalSection(SolutionProperties) = preSolution
		HideSolutionNode = FALSE
	EndGlobalSection
	GlobalSection(ExtensibilityGlobals) = postSolution
		SolutionGuid = {255799D4-87EF-4880-B543-B3FB62744B37}
	EndGlobalSection
EndGlobal
